// !$*UTF8*$!
{
	archiveVersion = 1;
	classes = {
	};
	objectVersion = 56;
	objects = {

/* Begin PBXBuildFile section */
		3B12A7602A2059A8003B3F6B /* ReceiptShape.swift in Sources */ = {isa = PBXBuildFile; fileRef = 3B12A75F2A2059A6003B3F6B /* ReceiptShape.swift */; };
		3B23A0742A1FFF17007FE816 /* EditItemPopover.swift in Sources */ = {isa = PBXBuildFile; fileRef = 3B23A0732A1FFF17007FE816 /* EditItemPopover.swift */; };
		3B23A0762A201804007FE816 /* MapSearchView.swift in Sources */ = {isa = PBXBuildFile; fileRef = 3B23A0752A201804007FE816 /* MapSearchView.swift */; };
		3B36796F2A25233B00B8AAE9 /* ImageToText.swift in Sources */ = {isa = PBXBuildFile; fileRef = 3B36796E2A25233B00B8AAE9 /* ImageToText.swift */; };
		3BC32AD92A1ED0F200F3D400 /* AICameraView.swift in Sources */ = {isa = PBXBuildFile; fileRef = 3BC32AD82A1ED0F200F3D400 /* AICameraView.swift */; };
		3BC32ADB2A1F0B0900F3D400 /* OCRHelper.swift in Sources */ = {isa = PBXBuildFile; fileRef = 3BC32ADA2A1F0B0900F3D400 /* OCRHelper.swift */; };
		3BC940722A1C36B50049D114 /* AddItemPopover.swift in Sources */ = {isa = PBXBuildFile; fileRef = 3BC940712A1C36B50049D114 /* AddItemPopover.swift */; };
		3BC940762A1C3A420049D114 /* MiniMapView.swift in Sources */ = {isa = PBXBuildFile; fileRef = 3BC940752A1C3A420049D114 /* MiniMapView.swift */; };
		3BC9407A2A1C7F720049D114 /* ReceiptListView.swift in Sources */ = {isa = PBXBuildFile; fileRef = 3BC940792A1C7F720049D114 /* ReceiptListView.swift */; };
		3BCB86672A1B1EC9001BE13A /* ReceiptEditorView.swift in Sources */ = {isa = PBXBuildFile; fileRef = 3BCB86662A1B1EC9001BE13A /* ReceiptEditorView.swift */; };
		3BD46F9D2A1C05A3006BDE3C /* NamePopover.swift in Sources */ = {isa = PBXBuildFile; fileRef = 3BD46F9C2A1C05A3006BDE3C /* NamePopover.swift */; };
		3BD7D7CE2A39A9C900094B83 /* AspectVGrid.swift in Sources */ = {isa = PBXBuildFile; fileRef = 3BD7D7CD2A39A9C900094B83 /* AspectVGrid.swift */; };
		3BE5942C2A1C21D100B5002D /* ReceiptView.swift in Sources */ = {isa = PBXBuildFile; fileRef = 3BE5942B2A1C21D000B5002D /* ReceiptView.swift */; };
		3BFB8F8B2A1AE7D500B370A8 /* FairShareApp.swift in Sources */ = {isa = PBXBuildFile; fileRef = 3BFB8F8A2A1AE7D500B370A8 /* FairShareApp.swift */; };
		3BFB8F8D2A1AE7D500B370A8 /* FairShareHomeView.swift in Sources */ = {isa = PBXBuildFile; fileRef = 3BFB8F8C2A1AE7D500B370A8 /* FairShareHomeView.swift */; };
		3BFB8F8F2A1AE7D900B370A8 /* Assets.xcassets in Resources */ = {isa = PBXBuildFile; fileRef = 3BFB8F8E2A1AE7D900B370A8 /* Assets.xcassets */; };
		3BFB8F922A1AE7D900B370A8 /* Preview Assets.xcassets in Resources */ = {isa = PBXBuildFile; fileRef = 3BFB8F912A1AE7D900B370A8 /* Preview Assets.xcassets */; };
		3BFB8F992A1AE93B00B370A8 /* ReceiptScanningView.swift in Sources */ = {isa = PBXBuildFile; fileRef = 3BFB8F982A1AE93B00B370A8 /* ReceiptScanningView.swift */; };
		3BFB8F9B2A1B173900B370A8 /* Receipt.swift in Sources */ = {isa = PBXBuildFile; fileRef = 3BFB8F9A2A1B173900B370A8 /* Receipt.swift */; };
/* End PBXBuildFile section */

/* Begin PBXFileReference section */
		3B12A75F2A2059A6003B3F6B /* ReceiptShape.swift */ = {isa = PBXFileReference; lastKnownFileType = sourcecode.swift; path = ReceiptShape.swift; sourceTree = "<group>"; };
		3B23A0732A1FFF17007FE816 /* EditItemPopover.swift */ = {isa = PBXFileReference; lastKnownFileType = sourcecode.swift; path = EditItemPopover.swift; sourceTree = "<group>"; };
		3B23A0752A201804007FE816 /* MapSearchView.swift */ = {isa = PBXFileReference; lastKnownFileType = sourcecode.swift; path = MapSearchView.swift; sourceTree = "<group>"; };
		3B36796E2A25233B00B8AAE9 /* ImageToText.swift */ = {isa = PBXFileReference; lastKnownFileType = sourcecode.swift; path = ImageToText.swift; sourceTree = "<group>"; };
		3BC32AD82A1ED0F200F3D400 /* AICameraView.swift */ = {isa = PBXFileReference; lastKnownFileType = sourcecode.swift; path = AICameraView.swift; sourceTree = "<group>"; };
		3BC32ADA2A1F0B0900F3D400 /* OCRHelper.swift */ = {isa = PBXFileReference; lastKnownFileType = sourcecode.swift; path = OCRHelper.swift; sourceTree = "<group>"; };
		3BC940712A1C36B50049D114 /* AddItemPopover.swift */ = {isa = PBXFileReference; lastKnownFileType = sourcecode.swift; path = AddItemPopover.swift; sourceTree = "<group>"; };
		3BC940752A1C3A420049D114 /* MiniMapView.swift */ = {isa = PBXFileReference; lastKnownFileType = sourcecode.swift; path = MiniMapView.swift; sourceTree = "<group>"; };
		3BC940792A1C7F720049D114 /* ReceiptListView.swift */ = {isa = PBXFileReference; lastKnownFileType = sourcecode.swift; path = ReceiptListView.swift; sourceTree = "<group>"; };
		3BCB86662A1B1EC9001BE13A /* ReceiptEditorView.swift */ = {isa = PBXFileReference; lastKnownFileType = sourcecode.swift; path = ReceiptEditorView.swift; sourceTree = "<group>"; };
		3BD46F9C2A1C05A3006BDE3C /* NamePopover.swift */ = {isa = PBXFileReference; lastKnownFileType = sourcecode.swift; path = NamePopover.swift; sourceTree = "<group>"; };
		3BD7D7CD2A39A9C900094B83 /* AspectVGrid.swift */ = {isa = PBXFileReference; lastKnownFileType = sourcecode.swift; path = AspectVGrid.swift; sourceTree = "<group>"; };
		3BE5942B2A1C21D000B5002D /* ReceiptView.swift */ = {isa = PBXFileReference; lastKnownFileType = sourcecode.swift; path = ReceiptView.swift; sourceTree = "<group>"; };
		3BFB8F872A1AE7D500B370A8 /* FairShare.app */ = {isa = PBXFileReference; explicitFileType = wrapper.application; includeInIndex = 0; path = FairShare.app; sourceTree = BUILT_PRODUCTS_DIR; };
		3BFB8F8A2A1AE7D500B370A8 /* FairShareApp.swift */ = {isa = PBXFileReference; lastKnownFileType = sourcecode.swift; path = FairShareApp.swift; sourceTree = "<group>"; };
		3BFB8F8C2A1AE7D500B370A8 /* FairShareHomeView.swift */ = {isa = PBXFileReference; lastKnownFileType = sourcecode.swift; path = FairShareHomeView.swift; sourceTree = "<group>"; };
		3BFB8F8E2A1AE7D900B370A8 /* Assets.xcassets */ = {isa = PBXFileReference; lastKnownFileType = folder.assetcatalog; path = Assets.xcassets; sourceTree = "<group>"; };
		3BFB8F912A1AE7D900B370A8 /* Preview Assets.xcassets */ = {isa = PBXFileReference; lastKnownFileType = folder.assetcatalog; path = "Preview Assets.xcassets"; sourceTree = "<group>"; };
		3BFB8F982A1AE93B00B370A8 /* ReceiptScanningView.swift */ = {isa = PBXFileReference; lastKnownFileType = sourcecode.swift; path = ReceiptScanningView.swift; sourceTree = "<group>"; };
		3BFB8F9A2A1B173900B370A8 /* Receipt.swift */ = {isa = PBXFileReference; lastKnownFileType = sourcecode.swift; path = Receipt.swift; sourceTree = "<group>"; };
/* End PBXFileReference section */

/* Begin PBXFrameworksBuildPhase section */
		3BFB8F842A1AE7D500B370A8 /* Frameworks */ = {
			isa = PBXFrameworksBuildPhase;
			buildActionMask = 2147483647;
			files = (
			);
			runOnlyForDeploymentPostprocessing = 0;
		};
/* End PBXFrameworksBuildPhase section */

/* Begin PBXGroup section */
		3BFB8F7E2A1AE7D500B370A8 = {
			isa = PBXGroup;
			children = (
				3BFB8F892A1AE7D500B370A8 /* FairShare */,
				3BFB8F882A1AE7D500B370A8 /* Products */,
			);
			sourceTree = "<group>";
		};
		3BFB8F882A1AE7D500B370A8 /* Products */ = {
			isa = PBXGroup;
			children = (
				3BFB8F872A1AE7D500B370A8 /* FairShare.app */,
			);
			name = Products;
			sourceTree = "<group>";
		};
		3BFB8F892A1AE7D500B370A8 /* FairShare */ = {
			isa = PBXGroup;
			children = (
				3BD7D7CD2A39A9C900094B83 /* AspectVGrid.swift */,
				3B23A0752A201804007FE816 /* MapSearchView.swift */,
				3BFB8F8A2A1AE7D500B370A8 /* FairShareApp.swift */,
				3BFB8F8C2A1AE7D500B370A8 /* FairShareHomeView.swift */,
				3BFB8F982A1AE93B00B370A8 /* ReceiptScanningView.swift */,
				3BCB86662A1B1EC9001BE13A /* ReceiptEditorView.swift */,
				3BFB8F8E2A1AE7D900B370A8 /* Assets.xcassets */,
				3BFB8F902A1AE7D900B370A8 /* Preview Content */,
				3BFB8F9A2A1B173900B370A8 /* Receipt.swift */,
				3BD46F9C2A1C05A3006BDE3C /* NamePopover.swift */,
				3BE5942B2A1C21D000B5002D /* ReceiptView.swift */,
				3BC940712A1C36B50049D114 /* AddItemPopover.swift */,
				3BC940752A1C3A420049D114 /* MiniMapView.swift */,
				3BC940792A1C7F720049D114 /* ReceiptListView.swift */,
				3BC32AD82A1ED0F200F3D400 /* AICameraView.swift */,
				3B36796E2A25233B00B8AAE9 /* ImageToText.swift */,
				3BC32ADA2A1F0B0900F3D400 /* OCRHelper.swift */,
				3B23A0732A1FFF17007FE816 /* EditItemPopover.swift */,
				3B12A75F2A2059A6003B3F6B /* ReceiptShape.swift */,
			);
			path = FairShare;
			sourceTree = "<group>";
		};
		3BFB8F902A1AE7D900B370A8 /* Preview Content */ = {
			isa = PBXGroup;
			children = (
				3BFB8F912A1AE7D900B370A8 /* Preview Assets.xcassets */,
			);
			path = "Preview Content";
			sourceTree = "<group>";
		};
/* End PBXGroup section */

/* Begin PBXNativeTarget section */
		3BFB8F862A1AE7D500B370A8 /* FairShare */ = {
			isa = PBXNativeTarget;
			buildConfigurationList = 3BFB8F952A1AE7D900B370A8 /* Build configuration list for PBXNativeTarget "FairShare" */;
			buildPhases = (
				3BFB8F832A1AE7D500B370A8 /* Sources */,
				3BFB8F842A1AE7D500B370A8 /* Frameworks */,
				3BFB8F852A1AE7D500B370A8 /* Resources */,
			);
			buildRules = (
			);
			dependencies = (
			);
			name = FairShare;
			productName = FairShare;
			productReference = 3BFB8F872A1AE7D500B370A8 /* FairShare.app */;
			productType = "com.apple.product-type.application";
		};
/* End PBXNativeTarget section */

/* Begin PBXProject section */
		3BFB8F7F2A1AE7D500B370A8 /* Project object */ = {
			isa = PBXProject;
			attributes = {
				BuildIndependentTargetsInParallel = 1;
				LastSwiftUpdateCheck = 1430;
				LastUpgradeCheck = 1430;
				TargetAttributes = {
					3BFB8F862A1AE7D500B370A8 = {
						CreatedOnToolsVersion = 14.3;
					};
				};
			};
			buildConfigurationList = 3BFB8F822A1AE7D500B370A8 /* Build configuration list for PBXProject "FairShare" */;
			compatibilityVersion = "Xcode 14.0";
			developmentRegion = en;
			hasScannedForEncodings = 0;
			knownRegions = (
				en,
				Base,
			);
			mainGroup = 3BFB8F7E2A1AE7D500B370A8;
			productRefGroup = 3BFB8F882A1AE7D500B370A8 /* Products */;
			projectDirPath = "";
			projectRoot = "";
			targets = (
				3BFB8F862A1AE7D500B370A8 /* FairShare */,
			);
		};
/* End PBXProject section */

/* Begin PBXResourcesBuildPhase section */
		3BFB8F852A1AE7D500B370A8 /* Resources */ = {
			isa = PBXResourcesBuildPhase;
			buildActionMask = 2147483647;
			files = (
				3BFB8F922A1AE7D900B370A8 /* Preview Assets.xcassets in Resources */,
				3BFB8F8F2A1AE7D900B370A8 /* Assets.xcassets in Resources */,
			);
			runOnlyForDeploymentPostprocessing = 0;
		};
/* End PBXResourcesBuildPhase section */

/* Begin PBXSourcesBuildPhase section */
		3BFB8F832A1AE7D500B370A8 /* Sources */ = {
			isa = PBXSourcesBuildPhase;
			buildActionMask = 2147483647;
			files = (
				3BD7D7CE2A39A9C900094B83 /* AspectVGrid.swift in Sources */,
				3BFB8F8D2A1AE7D500B370A8 /* FairShareHomeView.swift in Sources */,
				3BFB8F8B2A1AE7D500B370A8 /* FairShareApp.swift in Sources */,
				3BC940722A1C36B50049D114 /* AddItemPopover.swift in Sources */,
				3BC32ADB2A1F0B0900F3D400 /* OCRHelper.swift in Sources */,
				3BC940762A1C3A420049D114 /* MiniMapView.swift in Sources */,
				3BFB8F9B2A1B173900B370A8 /* Receipt.swift in Sources */,
				3B23A0742A1FFF17007FE816 /* EditItemPopover.swift in Sources */,
				3B36796F2A25233B00B8AAE9 /* ImageToText.swift in Sources */,
				3BFB8F992A1AE93B00B370A8 /* ReceiptScanningView.swift in Sources */,
				3BE5942C2A1C21D100B5002D /* ReceiptView.swift in Sources */,
				3BC9407A2A1C7F720049D114 /* ReceiptListView.swift in Sources */,
				3BCB86672A1B1EC9001BE13A /* ReceiptEditorView.swift in Sources */,
				3BD46F9D2A1C05A3006BDE3C /* NamePopover.swift in Sources */,
				3BC32AD92A1ED0F200F3D400 /* AICameraView.swift in Sources */,
				3B23A0762A201804007FE816 /* MapSearchView.swift in Sources */,
				3B12A7602A2059A8003B3F6B /* ReceiptShape.swift in Sources */,
			);
			runOnlyForDeploymentPostprocessing = 0;
		};
/* End PBXSourcesBuildPhase section */

/* Begin XCBuildConfiguration section */
		3BFB8F932A1AE7D900B370A8 /* Debug */ = {
			isa = XCBuildConfiguration;
			buildSettings = {
				ALWAYS_SEARCH_USER_PATHS = NO;
				CLANG_ANALYZER_NONNULL = YES;
				CLANG_ANALYZER_NUMBER_OBJECT_CONVERSION = YES_AGGRESSIVE;
				CLANG_CXX_LANGUAGE_STANDARD = "gnu++20";
				CLANG_ENABLE_MODULES = YES;
				CLANG_ENABLE_OBJC_ARC = YES;
				CLANG_ENABLE_OBJC_WEAK = YES;
				CLANG_WARN_BLOCK_CAPTURE_AUTORELEASING = YES;
				CLANG_WARN_BOOL_CONVERSION = YES;
				CLANG_WARN_COMMA = YES;
				CLANG_WARN_CONSTANT_CONVERSION = YES;
				CLANG_WARN_DEPRECATED_OBJC_IMPLEMENTATIONS = YES;
				CLANG_WARN_DIRECT_OBJC_ISA_USAGE = YES_ERROR;
				CLANG_WARN_DOCUMENTATION_COMMENTS = YES;
				CLANG_WARN_EMPTY_BODY = YES;
				CLANG_WARN_ENUM_CONVERSION = YES;
				CLANG_WARN_INFINITE_RECURSION = YES;
				CLANG_WARN_INT_CONVERSION = YES;
				CLANG_WARN_NON_LITERAL_NULL_CONVERSION = YES;
				CLANG_WARN_OBJC_IMPLICIT_RETAIN_SELF = YES;
				CLANG_WARN_OBJC_LITERAL_CONVERSION = YES;
				CLANG_WARN_OBJC_ROOT_CLASS = YES_ERROR;
				CLANG_WARN_QUOTED_INCLUDE_IN_FRAMEWORK_HEADER = YES;
				CLANG_WARN_RANGE_LOOP_ANALYSIS = YES;
				CLANG_WARN_STRICT_PROTOTYPES = YES;
				CLANG_WARN_SUSPICIOUS_MOVE = YES;
				CLANG_WARN_UNGUARDED_AVAILABILITY = YES_AGGRESSIVE;
				CLANG_WARN_UNREACHABLE_CODE = YES;
				CLANG_WARN__DUPLICATE_METHOD_MATCH = YES;
				COPY_PHASE_STRIP = NO;
				DEBUG_INFORMATION_FORMAT = dwarf;
				ENABLE_STRICT_OBJC_MSGSEND = YES;
				ENABLE_TESTABILITY = YES;
				GCC_C_LANGUAGE_STANDARD = gnu11;
				GCC_DYNAMIC_NO_PIC = NO;
				GCC_NO_COMMON_BLOCKS = YES;
				GCC_OPTIMIZATION_LEVEL = 0;
				GCC_PREPROCESSOR_DEFINITIONS = (
					"DEBUG=1",
					"$(inherited)",
				);
				GCC_WARN_64_TO_32_BIT_CONVERSION = YES;
				GCC_WARN_ABOUT_RETURN_TYPE = YES_ERROR;
				GCC_WARN_UNDECLARED_SELECTOR = YES;
				GCC_WARN_UNINITIALIZED_AUTOS = YES_AGGRESSIVE;
				GCC_WARN_UNUSED_FUNCTION = YES;
				GCC_WARN_UNUSED_VARIABLE = YES;
				IPHONEOS_DEPLOYMENT_TARGET = 16.4;
				MTL_ENABLE_DEBUG_INFO = INCLUDE_SOURCE;
				MTL_FAST_MATH = YES;
				ONLY_ACTIVE_ARCH = YES;
				SDKROOT = iphoneos;
				SWIFT_ACTIVE_COMPILATION_CONDITIONS = DEBUG;
				SWIFT_OPTIMIZATION_LEVEL = "-Onone";
			};
			name = Debug;
		};
		3BFB8F942A1AE7D900B370A8 /* Release */ = {
			isa = XCBuildConfiguration;
			buildSettings = {
				ALWAYS_SEARCH_USER_PATHS = NO;
				CLANG_ANALYZER_NONNULL = YES;
				CLANG_ANALYZER_NUMBER_OBJECT_CONVERSION = YES_AGGRESSIVE;
				CLANG_CXX_LANGUAGE_STANDARD = "gnu++20";
				CLANG_ENABLE_MODULES = YES;
				CLANG_ENABLE_OBJC_ARC = YES;
				CLANG_ENABLE_OBJC_WEAK = YES;
				CLANG_WARN_BLOCK_CAPTURE_AUTORELEASING = YES;
				CLANG_WARN_BOOL_CONVERSION = YES;
				CLANG_WARN_COMMA = YES;
				CLANG_WARN_CONSTANT_CONVERSION = YES;
				CLANG_WARN_DEPRECATED_OBJC_IMPLEMENTATIONS = YES;
				CLANG_WARN_DIRECT_OBJC_ISA_USAGE = YES_ERROR;
				CLANG_WARN_DOCUMENTATION_COMMENTS = YES;
				CLANG_WARN_EMPTY_BODY = YES;
				CLANG_WARN_ENUM_CONVERSION = YES;
				CLANG_WARN_INFINITE_RECURSION = YES;
				CLANG_WARN_INT_CONVERSION = YES;
				CLANG_WARN_NON_LITERAL_NULL_CONVERSION = YES;
				CLANG_WARN_OBJC_IMPLICIT_RETAIN_SELF = YES;
				CLANG_WARN_OBJC_LITERAL_CONVERSION = YES;
				CLANG_WARN_OBJC_ROOT_CLASS = YES_ERROR;
				CLANG_WARN_QUOTED_INCLUDE_IN_FRAMEWORK_HEADER = YES;
				CLANG_WARN_RANGE_LOOP_ANALYSIS = YES;
				CLANG_WARN_STRICT_PROTOTYPES = YES;
				CLANG_WARN_SUSPICIOUS_MOVE = YES;
				CLANG_WARN_UNGUARDED_AVAILABILITY = YES_AGGRESSIVE;
				CLANG_WARN_UNREACHABLE_CODE = YES;
				CLANG_WARN__DUPLICATE_METHOD_MATCH = YES;
				COPY_PHASE_STRIP = NO;
				DEBUG_INFORMATION_FORMAT = "dwarf-with-dsym";
				ENABLE_NS_ASSERTIONS = NO;
				ENABLE_STRICT_OBJC_MSGSEND = YES;
				GCC_C_LANGUAGE_STANDARD = gnu11;
				GCC_NO_COMMON_BLOCKS = YES;
				GCC_WARN_64_TO_32_BIT_CONVERSION = YES;
				GCC_WARN_ABOUT_RETURN_TYPE = YES_ERROR;
				GCC_WARN_UNDECLARED_SELECTOR = YES;
				GCC_WARN_UNINITIALIZED_AUTOS = YES_AGGRESSIVE;
				GCC_WARN_UNUSED_FUNCTION = YES;
				GCC_WARN_UNUSED_VARIABLE = YES;
				IPHONEOS_DEPLOYMENT_TARGET = 16.4;
				MTL_ENABLE_DEBUG_INFO = NO;
				MTL_FAST_MATH = YES;
				SDKROOT = iphoneos;
				SWIFT_COMPILATION_MODE = wholemodule;
				SWIFT_OPTIMIZATION_LEVEL = "-O";
				VALIDATE_PRODUCT = YES;
			};
			name = Release;
		};
		3BFB8F962A1AE7D900B370A8 /* Debug */ = {
			isa = XCBuildConfiguration;
			buildSettings = {
				ASSETCATALOG_COMPILER_APPICON_NAME = AppIcon;
				ASSETCATALOG_COMPILER_GLOBAL_ACCENT_COLOR_NAME = AccentColor;
				CODE_SIGN_STYLE = Automatic;
				CURRENT_PROJECT_VERSION = 1;
				DEVELOPMENT_ASSET_PATHS = "\"FairShare/Preview Content\"";
				DEVELOPMENT_TEAM = NXFKQWP4Y3;
				ENABLE_PREVIEWS = YES;
				GENERATE_INFOPLIST_FILE = YES;
				INFOPLIST_KEY_NSCameraUsageDescription = "Uses the camera to read receipts";
				INFOPLIST_KEY_UIApplicationSceneManifest_Generation = YES;
				INFOPLIST_KEY_UIApplicationSupportsIndirectInputEvents = YES;
				INFOPLIST_KEY_UILaunchScreen_Generation = YES;
				INFOPLIST_KEY_UISupportedInterfaceOrientations_iPad = "UIInterfaceOrientationPortrait UIInterfaceOrientationPortraitUpsideDown UIInterfaceOrientationLandscapeLeft UIInterfaceOrientationLandscapeRight";
				INFOPLIST_KEY_UISupportedInterfaceOrientations_iPhone = "UIInterfaceOrientationPortrait UIInterfaceOrientationLandscapeLeft UIInterfaceOrientationLandscapeRight";
				LD_RUNPATH_SEARCH_PATHS = (
					"$(inherited)",
					"@executable_path/Frameworks",
				);
				MARKETING_VERSION = 1.0;
				PRODUCT_BUNDLE_IDENTIFIER = edu.stanford.cs193p.ecambr23.FairShare;
				PRODUCT_NAME = "$(TARGET_NAME)";
				SWIFT_EMIT_LOC_STRINGS = YES;
				SWIFT_VERSION = 5.0;
				TARGETED_DEVICE_FAMILY = "1,2";
			};
			name = Debug;
		};
		3BFB8F972A1AE7D900B370A8 /* Release */ = {
			isa = XCBuildConfiguration;
			buildSettings = {
				ASSETCATALOG_COMPILER_APPICON_NAME = AppIcon;
				ASSETCATALOG_COMPILER_GLOBAL_ACCENT_COLOR_NAME = AccentColor;
				CODE_SIGN_STYLE = Automatic;
				CURRENT_PROJECT_VERSION = 1;
				DEVELOPMENT_ASSET_PATHS = "\"FairShare/Preview Content\"";
				DEVELOPMENT_TEAM = NXFKQWP4Y3;
				ENABLE_PREVIEWS = YES;
				GENERATE_INFOPLIST_FILE = YES;
				INFOPLIST_KEY_NSCameraUsageDescription = "Uses the camera to read receipts";
				INFOPLIST_KEY_UIApplicationSceneManifest_Generation = YES;
				INFOPLIST_KEY_UIApplicationSupportsIndirectInputEvents = YES;
				INFOPLIST_KEY_UILaunchScreen_Generation = YES;
				INFOPLIST_KEY_UISupportedInterfaceOrientations_iPad = "UIInterfaceOrientationPortrait UIInterfaceOrientationPortraitUpsideDown UIInterfaceOrientationLandscapeLeft UIInterfaceOrientationLandscapeRight";
				INFOPLIST_KEY_UISupportedInterfaceOrientations_iPhone = "UIInterfaceOrientationPortrait UIInterfaceOrientationLandscapeLeft UIInterfaceOrientationLandscapeRight";
				LD_RUNPATH_SEARCH_PATHS = (
					"$(inherited)",
					"@executable_path/Frameworks",
				);
				MARKETING_VERSION = 1.0;
				PRODUCT_BUNDLE_IDENTIFIER = edu.stanford.cs193p.ecambr23.FairShare;
				PRODUCT_NAME = "$(TARGET_NAME)";
				SWIFT_EMIT_LOC_STRINGS = YES;
				SWIFT_VERSION = 5.0;
				TARGETED_DEVICE_FAMILY = "1,2";
			};
			name = Release;
		};
/* End XCBuildConfiguration section */

/* Begin XCConfigurationList section */
		3BFB8F822A1AE7D500B370A8 /* Build configuration list for PBXProject "FairShare" */ = {
			isa = XCConfigurationList;
			buildConfigurations = (
				3BFB8F932A1AE7D900B370A8 /* Debug */,
				3BFB8F942A1AE7D900B370A8 /* Release */,
			);
			defaultConfigurationIsVisible = 0;
			defaultConfigurationName = Release;
		};
		3BFB8F952A1AE7D900B370A8 /* Build configuration list for PBXNativeTarget "FairShare" */ = {
			isa = XCConfigurationList;
			buildConfigurations = (
				3BFB8F962A1AE7D900B370A8 /* Debug */,
				3BFB8F972A1AE7D900B370A8 /* Release */,
			);
			defaultConfigurationIsVisible = 0;
			defaultConfigurationName = Release;
		};
/* End XCConfigurationList section */
	};
	rootObject = 3BFB8F7F2A1AE7D500B370A8 /* Project object */;
}
